
Microsoft Visual Studio Solution File, Format Version 12.00
# Visual Studio Version 16
VisualStudioVersion = 16.0.31205.134
MinimumVisualStudioVersion = 10.0.40219.1
Project("{FAE04EC0-301F-11D3-BF4B-00C04F79EFBC}") = "BlockchainServer", "BlockchainServer\BlockchainServer.csproj", "{7E71E640-5BDB-4FC7-9B38-9AC12F4FF292}"
EndProject
Project("{FAE04EC0-301F-11D3-BF4B-00C04F79EFBC}") = "BlockchainLibrary", "BlockchainLibrary\BlockchainLibrary.csproj", "{C6285E03-CD60-4262-82BA-EBA7408CC3E8}"
EndProject
Project("{FAE04EC0-301F-11D3-BF4B-00C04F79EFBC}") = "BlockchainMiner", "BlockchainMiner\BlockchainMiner.csproj", "{EC576877-7C31-4FB8-9A7E-70130F896670}"
EndProject
Project("{FAE04EC0-301F-11D3-BF4B-00C04F79EFBC}") = "TransactionGenerator", "TransactionGenerator\TransactionGenerator.csproj", "{FC166287-4E91-427A-A4CE-4703E24F8B97}"
EndProject
Project("{FAE04EC0-301F-11D3-BF4B-00C04F79EFBC}") = "TestConsole", "TestConsole\TestConsole.csproj", "{26401B33-3077-4D3C-9626-9B7229C07604}"
EndProject
Global
	GlobalSection(SolutionConfigurationPlatforms) = preSolution
		Debug|Any CPU = Debug|Any CPU
		Release|Any CPU = Release|Any CPU
	EndGlobalSection
	GlobalSection(ProjectConfigurationPlatforms) = postSolution
		{7E71E640-5BDB-4FC7-9B38-9AC12F4FF292}.Debug|Any CPU.ActiveCfg = Debug|Any CPU
		{7E71E640-5BDB-4FC7-9B38-9AC12F4FF292}.Debug|Any CPU.Build.0 = Debug|Any CPU
		{7E71E640-5BDB-4FC7-9B38-9AC12F4FF292}.Release|Any CPU.ActiveCfg = Release|Any CPU
		{7E71E640-5BDB-4FC7-9B38-9AC12F4FF292}.Release|Any CPU.Build.0 = Release|Any CPU
		{C6285E03-CD60-4262-82BA-EBA7408CC3E8}.Debug|Any CPU.ActiveCfg = Debug|Any CPU
		{C6285E03-CD60-4262-82BA-EBA7408CC3E8}.Debug|Any CPU.Build.0 = Debug|Any CPU
		{C6285E03-CD60-4262-82BA-EBA7408CC3E8}.Release|Any CPU.ActiveCfg = Release|Any CPU
		{C6285E03-CD60-4262-82BA-EBA7408CC3E8}.Release|Any CPU.Build.0 = Release|Any CPU
		{EC576877-7C31-4FB8-9A7E-70130F896670}.Debug|Any CPU.ActiveCfg = Debug|Any CPU
		{EC576877-7C31-4FB8-9A7E-70130F896670}.Debug|Any CPU.Build.0 = Debug|Any CPU
		{EC576877-7C31-4FB8-9A7E-70130F896670}.Release|Any CPU.ActiveCfg = Release|Any CPU
		{EC576877-7C31-4FB8-9A7E-70130F896670}.Release|Any CPU.Build.0 = Release|Any CPU
		{FC166287-4E91-427A-A4CE-4703E24F8B97}.Debug|Any CPU.ActiveCfg = Debug|Any CPU
		{FC166287-4E91-427A-A4CE-4703E24F8B97}.Debug|Any CPU.Build.0 = Debug|Any CPU
		{FC166287-4E91-427A-A4CE-4703E24F8B97}.Release|Any CPU.ActiveCfg = Release|Any CPU
		{FC166287-4E91-427A-A4CE-4703E24F8B97}.Release|Any CPU.Build.0 = Release|Any CPU
		{26401B33-3077-4D3C-9626-9B7229C07604}.Debug|Any CPU.ActiveCfg = Debug|Any CPU
		{26401B33-3077-4D3C-9626-9B7229C07604}.Debug|Any CPU.Build.0 = Debug|Any CPU
		{26401B33-3077-4D3C-9626-9B7229C07604}.Release|Any CPU.ActiveCfg = Release|Any CPU
		{26401B33-3077-4D3C-9626-9B7229C07604}.Release|Any CPU.Build.0 = Release|Any CPU
	EndGlobalSection
	GlobalSection(SolutionProperties) = preSolution
		HideSolutionNode = FALSE
	EndGlobalSection
	GlobalSection(ExtensibilityGlobals) = postSolution
		SolutionGuid = {B2E143E1-AD7F-4050-BD10-30573ACFB273}
	EndGlobalSection
EndGlobal
