
Microsoft Visual Studio Solution File, Format Version 12.00
# Visual Studio Version 16
VisualStudioVersion = 16.0.31205.134
MinimumVisualStudioVersion = 10.0.40219.1
Project("{FAE04EC0-301F-11D3-BF4B-00C04F79EFBC}") = "Data Tier", "Data Tier\Data Tier.csproj", "{D3E261A8-42E1-485A-8C80-BC99B8C9B064}"
EndProject
Project("{FAE04EC0-301F-11D3-BF4B-00C04F79EFBC}") = "Business and Presentation Tier", "Business and Presentation Tier\Business and Presentation Tier.csproj", "{36537F5D-F41B-4E19-BB71-B12AE2EC27E4}"
EndProject
Project("{FAE04EC0-301F-11D3-BF4B-00C04F79EFBC}") = "API Library", "API Library\API Library.csproj", "{B8B1FF82-F83B-4A0E-9483-27CFDF0578D6}"
EndProject
Global
	GlobalSection(SolutionConfigurationPlatforms) = preSolution
		Debug|Any CPU = Debug|Any CPU
		Release|Any CPU = Release|Any CPU
	EndGlobalSection
	GlobalSection(ProjectConfigurationPlatforms) = postSolution
		{D3E261A8-42E1-485A-8C80-BC99B8C9B064}.Debug|Any CPU.ActiveCfg = Debug|Any CPU
		{D3E261A8-42E1-485A-8C80-BC99B8C9B064}.Debug|Any CPU.Build.0 = Debug|Any CPU
		{D3E261A8-42E1-485A-8C80-BC99B8C9B064}.Release|Any CPU.ActiveCfg = Release|Any CPU
		{D3E261A8-42E1-485A-8C80-BC99B8C9B064}.Release|Any CPU.Build.0 = Release|Any CPU
		{36537F5D-F41B-4E19-BB71-B12AE2EC27E4}.Debug|Any CPU.ActiveCfg = Debug|Any CPU
		{36537F5D-F41B-4E19-BB71-B12AE2EC27E4}.Debug|Any CPU.Build.0 = Debug|Any CPU
		{36537F5D-F41B-4E19-BB71-B12AE2EC27E4}.Release|Any CPU.ActiveCfg = Release|Any CPU
		{36537F5D-F41B-4E19-BB71-B12AE2EC27E4}.Release|Any CPU.Build.0 = Release|Any CPU
		{B8B1FF82-F83B-4A0E-9483-27CFDF0578D6}.Debug|Any CPU.ActiveCfg = Debug|Any CPU
		{B8B1FF82-F83B-4A0E-9483-27CFDF0578D6}.Debug|Any CPU.Build.0 = Debug|Any CPU
		{B8B1FF82-F83B-4A0E-9483-27CFDF0578D6}.Release|Any CPU.ActiveCfg = Release|Any CPU
		{B8B1FF82-F83B-4A0E-9483-27CFDF0578D6}.Release|Any CPU.Build.0 = Release|Any CPU
	EndGlobalSection
	GlobalSection(SolutionProperties) = preSolution
		HideSolutionNode = FALSE
	EndGlobalSection
	GlobalSection(ExtensibilityGlobals) = postSolution
		SolutionGuid = {C80F54A3-4D97-4D47-8620-76EAC876D850}
	EndGlobalSection
EndGlobal
